
Microsoft Visual Studio Solution File, Format Version 12.00
# Visual Studio Version 17
VisualStudioVersion = 17.13.35919.96 d17.13
MinimumVisualStudioVersion = 10.0.40219.1
Project("{FAE04EC0-301F-11D3-BF4B-00C04F79EFBC}") = "SessionFiveSearch", "SessionFiveSearch.csproj", "{CCFC9DDE-707F-4EF1-AD43-97652ADA1F34}"
EndProject
Global
	GlobalSection(SolutionConfigurationPlatforms) = preSolution
		Debug|Any CPU = Debug|Any CPU
		Release|Any CPU = Release|Any CPU
	EndGlobalSection
	GlobalSection(ProjectConfigurationPlatforms) = postSolution
		{CCFC9DDE-707F-4EF1-AD43-97652ADA1F34}.Debug|Any CPU.ActiveCfg = Debug|Any CPU
		{CCFC9DDE-707F-4EF1-AD43-97652ADA1F34}.Debug|Any CPU.Build.0 = Debug|Any CPU
		{CCFC9DDE-707F-4EF1-AD43-97652ADA1F34}.Release|Any CPU.ActiveCfg = Release|Any CPU
		{CCFC9DDE-707F-4EF1-AD43-97652ADA1F34}.Release|Any CPU.Build.0 = Release|Any CPU
	EndGlobalSection
	GlobalSection(SolutionProperties) = preSolution
		HideSolutionNode = FALSE
	EndGlobalSection
	GlobalSection(ExtensibilityGlobals) = postSolution
		SolutionGuid = {6535BC7C-9261-4C72-BA32-B9168390D2AD}
	EndGlobalSection
EndGlobal
