
Microsoft Visual Studio Solution File, Format Version 12.00
# Visual Studio Version 17
VisualStudioVersion = 17.13.35825.156 d17.13
MinimumVisualStudioVersion = 10.0.40219.1
Project("{FAE04EC0-301F-11D3-BF4B-00C04F79EFBC}") = "SessionTwo ( List Task)", "SessionTwo ( List Task)\SessionTwo ( List Task).csproj", "{4002217E-578E-4900-B06B-E0ACCC753E6E}"
EndProject
Global
	GlobalSection(SolutionConfigurationPlatforms) = preSolution
		Debug|Any CPU = Debug|Any CPU
		Release|Any CPU = Release|Any CPU
	EndGlobalSection
	GlobalSection(ProjectConfigurationPlatforms) = postSolution
		{4002217E-578E-4900-B06B-E0ACCC753E6E}.Debug|Any CPU.ActiveCfg = Debug|Any CPU
		{4002217E-578E-4900-B06B-E0ACCC753E6E}.Debug|Any CPU.Build.0 = Debug|Any CPU
		{4002217E-578E-4900-B06B-E0ACCC753E6E}.Release|Any CPU.ActiveCfg = Release|Any CPU
		{4002217E-578E-4900-B06B-E0ACCC753E6E}.Release|Any CPU.Build.0 = Release|Any CPU
	EndGlobalSection
	GlobalSection(SolutionProperties) = preSolution
		HideSolutionNode = FALSE
	EndGlobalSection
	GlobalSection(ExtensibilityGlobals) = postSolution
		SolutionGuid = {F6ADDDAA-1F69-4957-8040-29F42C6EDB0C}
	EndGlobalSection
EndGlobal
