
Microsoft Visual Studio Solution File, Format Version 12.00
# Visual Studio Version 17
VisualStudioVersion = 17.13.35919.96 d17.13
MinimumVisualStudioVersion = 10.0.40219.1
Project("{FAE04EC0-301F-11D3-BF4B-00C04F79EFBC}") = "SessionTwo", "SessionTwo.csproj", "{673AA6F3-FB54-4FE7-9543-77288A95AD7C}"
EndProject
Global
	GlobalSection(SolutionConfigurationPlatforms) = preSolution
		Debug|Any CPU = Debug|Any CPU
		Release|Any CPU = Release|Any CPU
	EndGlobalSection
	GlobalSection(ProjectConfigurationPlatforms) = postSolution
		{673AA6F3-FB54-4FE7-9543-77288A95AD7C}.Debug|Any CPU.ActiveCfg = Debug|Any CPU
		{673AA6F3-FB54-4FE7-9543-77288A95AD7C}.Debug|Any CPU.Build.0 = Debug|Any CPU
		{673AA6F3-FB54-4FE7-9543-77288A95AD7C}.Release|Any CPU.ActiveCfg = Release|Any CPU
		{673AA6F3-FB54-4FE7-9543-77288A95AD7C}.Release|Any CPU.Build.0 = Release|Any CPU
	EndGlobalSection
	GlobalSection(SolutionProperties) = preSolution
		HideSolutionNode = FALSE
	EndGlobalSection
	GlobalSection(ExtensibilityGlobals) = postSolution
		SolutionGuid = {803F0E61-91AE-4D1B-B994-1011CAA7D8F9}
	EndGlobalSection
EndGlobal
