
Microsoft Visual Studio Solution File, Format Version 12.00
# Visual Studio Version 17
VisualStudioVersion = 17.13.35919.96 d17.13
MinimumVisualStudioVersion = 10.0.40219.1
Project("{FAE04EC0-301F-11D3-BF4B-00C04F79EFBC}") = "SessionFiveSearchTask", "SessionFiveSearchTask.csproj", "{F1700DA4-1CDE-43CF-ADA9-C6EAE4931C4A}"
EndProject
Global
	GlobalSection(SolutionConfigurationPlatforms) = preSolution
		Debug|Any CPU = Debug|Any CPU
		Release|Any CPU = Release|Any CPU
	EndGlobalSection
	GlobalSection(ProjectConfigurationPlatforms) = postSolution
		{F1700DA4-1CDE-43CF-ADA9-C6EAE4931C4A}.Debug|Any CPU.ActiveCfg = Debug|Any CPU
		{F1700DA4-1CDE-43CF-ADA9-C6EAE4931C4A}.Debug|Any CPU.Build.0 = Debug|Any CPU
		{F1700DA4-1CDE-43CF-ADA9-C6EAE4931C4A}.Release|Any CPU.ActiveCfg = Release|Any CPU
		{F1700DA4-1CDE-43CF-ADA9-C6EAE4931C4A}.Release|Any CPU.Build.0 = Release|Any CPU
	EndGlobalSection
	GlobalSection(SolutionProperties) = preSolution
		HideSolutionNode = FALSE
	EndGlobalSection
	GlobalSection(ExtensibilityGlobals) = postSolution
		SolutionGuid = {6086AD8E-0D35-42EA-97E1-7E1BF4D85CC1}
	EndGlobalSection
EndGlobal
