
Microsoft Visual Studio Solution File, Format Version 12.00
# Visual Studio Version 17
VisualStudioVersion = 17.13.35825.156 d17.13
MinimumVisualStudioVersion = 10.0.40219.1
Project("{FAE04EC0-301F-11D3-BF4B-00C04F79EFBC}") = "Session Three", "Session Three.csproj", "{0AA67D43-6686-4024-AC05-DC462A20EB56}"
EndProject
Global
	GlobalSection(SolutionConfigurationPlatforms) = preSolution
		Debug|Any CPU = Debug|Any CPU
		Release|Any CPU = Release|Any CPU
	EndGlobalSection
	GlobalSection(ProjectConfigurationPlatforms) = postSolution
		{0AA67D43-6686-4024-AC05-DC462A20EB56}.Debug|Any CPU.ActiveCfg = Debug|Any CPU
		{0AA67D43-6686-4024-AC05-DC462A20EB56}.Debug|Any CPU.Build.0 = Debug|Any CPU
		{0AA67D43-6686-4024-AC05-DC462A20EB56}.Release|Any CPU.ActiveCfg = Release|Any CPU
		{0AA67D43-6686-4024-AC05-DC462A20EB56}.Release|Any CPU.Build.0 = Release|Any CPU
	EndGlobalSection
	GlobalSection(SolutionProperties) = preSolution
		HideSolutionNode = FALSE
	EndGlobalSection
	GlobalSection(ExtensibilityGlobals) = postSolution
		SolutionGuid = {8DE203A1-0EC9-4ACE-BDC8-A4DAB73ACF0A}
	EndGlobalSection
EndGlobal
