
Microsoft Visual Studio Solution File, Format Version 12.00
# Visual Studio Version 17
VisualStudioVersion = 17.13.35919.96 d17.13
MinimumVisualStudioVersion = 10.0.40219.1
Project("{F2A71F9B-5D33-465A-A702-920D77279786}") = "ASPFirstProject", "ASPFirstProject.fsproj", "{FCD99F27-1441-4DE1-853C-79F54BE55ADD}"
EndProject
Global
	GlobalSection(SolutionConfigurationPlatforms) = preSolution
		Debug|Any CPU = Debug|Any CPU
		Release|Any CPU = Release|Any CPU
	EndGlobalSection
	GlobalSection(ProjectConfigurationPlatforms) = postSolution
		{FCD99F27-1441-4DE1-853C-79F54BE55ADD}.Debug|Any CPU.ActiveCfg = Debug|Any CPU
		{FCD99F27-1441-4DE1-853C-79F54BE55ADD}.Debug|Any CPU.Build.0 = Debug|Any CPU
		{FCD99F27-1441-4DE1-853C-79F54BE55ADD}.Release|Any CPU.ActiveCfg = Release|Any CPU
		{FCD99F27-1441-4DE1-853C-79F54BE55ADD}.Release|Any CPU.Build.0 = Release|Any CPU
	EndGlobalSection
	GlobalSection(SolutionProperties) = preSolution
		HideSolutionNode = FALSE
	EndGlobalSection
	GlobalSection(ExtensibilityGlobals) = postSolution
		SolutionGuid = {354846B7-7002-4FDD-B13A-5E0A3297BFE5}
	EndGlobalSection
EndGlobal
