
Microsoft Visual Studio Solution File, Format Version 12.00
# Visual Studio Version 17
VisualStudioVersion = 17.13.35919.96 d17.13
MinimumVisualStudioVersion = 10.0.40219.1
Project("{F2A71F9B-5D33-465A-A702-920D77279786}") = "ASP_First_Project", "ASP_First_Project.fsproj", "{C80A6F48-1C3E-424C-B62C-8A6290818D17}"
EndProject
Global
	GlobalSection(SolutionConfigurationPlatforms) = preSolution
		Debug|Any CPU = Debug|Any CPU
		Release|Any CPU = Release|Any CPU
	EndGlobalSection
	GlobalSection(ProjectConfigurationPlatforms) = postSolution
		{C80A6F48-1C3E-424C-B62C-8A6290818D17}.Debug|Any CPU.ActiveCfg = Debug|Any CPU
		{C80A6F48-1C3E-424C-B62C-8A6290818D17}.Debug|Any CPU.Build.0 = Debug|Any CPU
		{C80A6F48-1C3E-424C-B62C-8A6290818D17}.Release|Any CPU.ActiveCfg = Release|Any CPU
		{C80A6F48-1C3E-424C-B62C-8A6290818D17}.Release|Any CPU.Build.0 = Release|Any CPU
	EndGlobalSection
	GlobalSection(SolutionProperties) = preSolution
		HideSolutionNode = FALSE
	EndGlobalSection
	GlobalSection(ExtensibilityGlobals) = postSolution
		SolutionGuid = {F3908F19-068F-4B68-9F94-59A5AE6D3E62}
	EndGlobalSection
EndGlobal
